{
    "_readme": [
        "This file locks the dependencies of your project to a known state",
        "Read more about it at https://getcomposer.org/doc/01-basic-usage.md#composer-lock-the-lock-file",
        "This file is @generated automatically"
    ],
    "hash": "f449fc036356ab7064e153f075c6f95e",
    "content-hash": "606abbb9853c7a42a3299fb395fdef94",
    "packages": [
        {
            "name": "components/bootstrap",
            "version": "3.3.6",
            "source": {
                "type": "git",
                "url": "https://github.com/components/bootstrap.git",
                "reference": "fb4923919c620b8b2aa8a11eda16b49b0a9e8a27"
            },
            "dist": {
                "type": "zip",
                "url": "https://packagist.phpcomposer.com/files/components/bootstrap/fb4923919c620b8b2aa8a11eda16b49b0a9e8a27.zip",
                "reference": "fb4923919c620b8b2aa8a11eda16b49b0a9e8a27",
                "shasum": ""
            },
            "require": {
                "components/jquery": "1.9.1 - 2"
            },
            "suggest": {
                "components/bootstrap-default": "Provide a theme for Bootstrap as components/bootstrap only provides the CSS as file assets"
            },
            "type": "component",
            "extra": {
                "component": {
                    "scripts": [
                        "js/bootstrap.js"
                    ],
                    "files": [
                        "js/*.js",
                        "css/*.css",
                        "css/*.map",
                        "fonts/*",
                        "less/mixins/*.less",
                        "less/*.less"
                    ],
                    "shim": {
                        "deps": [
                            "jquery"
                        ]
                    }
                }
            },
            "notification-url": "https://packagist.org/downloads/",
            "license": [
                "MIT"
            ],
            "authors": [
                {
                    "name": "Jacob Thornton",
                    "email": "jacobthornton@gmail.com"
                },
                {
                    "name": "Mark Otto",
                    "email": "markdotto@gmail.com"
                }
            ],
            "description": "The most popular front-end framework for developing responsive, mobile first projects on the web.",
            "homepage": "http://getbootstrap.com",
            "keywords": [
                "css",
                "framework",
                "front-end",
                "less",
                "mobile-first",
                "responsive",
                "web"
            ],
            "time": "2015-11-24 20:19:41"
        },
        {
            "name": "components/font-awesome",
            "version": "4.6.3",
            "source": {
                "type": "git",
                "url": "https://github.com/components/font-awesome.git",
                "reference": "daa3ef598620217085dcb13ad11149e89a20a925"
            },
            "dist": {
                "type": "zip",
                "url": "https://packagist.phpcomposer.com/files/components/font-awesome/daa3ef598620217085dcb13ad11149e89a20a925.zip",
                "reference": "daa3ef598620217085dcb13ad11149e89a20a925",
                "shasum": ""
            },
            "type": "component",
            "extra": {
                "component": {
                    "styles": [
                        "css/font-awesome.css"
                    ],
                    "files": [
                        "css/font-awesome.min.css",
                        "css/font-awesome.css.map",
                        "fonts/*"
                    ]
                }
            },
            "notification-url": "https://packagist.org/downloads/",
            "license": [
                "MIT",
                "OFL-1.1"
            ],
            "description": "The iconic font designed for use with Twitter Bootstrap.",
            "time": "2016-05-18 10:46:59"
        },
        {
            "name": "components/jquery",
            "version": "2.2.4",
            "source": {
                "type": "git",
                "url": "https://github.com/components/jquery.git",
                "reference": "981036fcb56668433a7eb0d1e71190324b4574df"
            },
            "dist": {
                "type": "zip",
                "url": "https://packagist.phpcomposer.com/files/components/jquery/981036fcb56668433a7eb0d1e71190324b4574df.zip",
                "reference": "981036fcb56668433a7eb0d1e71190324b4574df",
                "shasum": ""
            },
            "type": "component",
            "extra": {
                "component": {
                    "scripts": [
                        "jquery.js"
                    ],
                    "files": [
                        "jquery.min.js",
                        "jquery.min.map",
                        "jquery-migrate.js",
                        "jquery-migrate.min.js"
                    ]
                }
            },
            "notification-url": "https://packagist.org/downloads/",
            "license": [
                "MIT"
            ],
            "authors": [
                {
                    "name": "John Resig",
                    "email": "jeresig@gmail.com"
                }
            ],
            "description": "jQuery JavaScript Library",
            "homepage": "http://jquery.com",
            "time": "2016-05-25 06:43:59"
        },
        {
            "name": "datatables/datatables",
            "version": "1.10.12",
            "source": {
                "type": "git",
                "url": "https://github.com/DataTables/DataTables.git",
                "reference": "3a432c5db3546b2ef0c192f2ae367811cb5edb9b"
            },
            "dist": {
                "type": "zip",
                "url": "https://packagist.phpcomposer.com/files/DataTables/DataTables/3a432c5db3546b2ef0c192f2ae367811cb5edb9b.zip",
                "reference": "3a432c5db3546b2ef0c192f2ae367811cb5edb9b",
                "shasum": ""
            },
            "type": "library",
            "notification-url": "https://packagist.org/downloads/",
            "license": [
                "MIT"
            ],
            "description": "DataTables is a plug-in for the jQuery Javascript library. It is a highly flexible tool, based upon the foundations of progressive enhancement, which will add advanced interaction controls to any HTML table.",
            "homepage": "http://www.datatables.net/",
            "time": "2016-05-20 13:09:02"
        },
        {
            "name": "onokumus/metismenu",
            "version": "v2.5.2",
            "source": {
                "type": "git",
                "url": "https://github.com/onokumus/metisMenu.git",
                "reference": "ba21a8ea77bcecf8d23ec156ae8b2c0ae82167ba"
            },
            "dist": {
                "type": "zip",
                "url": "https://packagist.phpcomposer.com/files/onokumus/metisMenu/ba21a8ea77bcecf8d23ec156ae8b2c0ae82167ba.zip",
                "reference": "ba21a8ea77bcecf8d23ec156ae8b2c0ae82167ba",
                "shasum": ""
            },
            "suggest": {
                "components/jquery": ">=1.8"
            },
            "type": "library",
            "notification-url": "https://packagist.org/downloads/",
            "license": [
                "MIT"
            ],
            "authors": [
                {
                    "name": "Osman Nuri Okumus",
                    "email": "onokumus@gmail.com",
                    "homepage": "http://onokumus.com"
                }
            ],
            "description": "A jQuery menu plugin",
            "homepage": "https://github.com/onokumus/metisMenu",
            "keywords": [
                "JS",
                "bootstrap",
                "css",
                "jquery",
                "menu",
                "plugin",
                "web"
            ],
            "time": "2016-05-06 16:26:21"
        }
    ],
    "packages-dev": [],
    "aliases": [],
    "minimum-stability": "stable",
    "stability-flags": [],
    "prefer-stable": false,
    "prefer-lowest": false,
    "platform": [],
    "platform-dev": []
}
